
Microsoft Visual Studio Solution File, Format Version 12.00
# Visual Studio Version 17
VisualStudioVersion = 17.7.34024.191
MinimumVisualStudioVersion = 10.0.40219.1
Project("{FAE04EC0-301F-11D3-BF4B-00C04F79EFBC}") = "Lecture16", "Lecture16\Lecture16.csproj", "{A306594C-8E42-4498-BFC1-D3F324256843}"
EndProject
Global
	GlobalSection(SolutionConfigurationPlatforms) = preSolution
		Debug|Any CPU = Debug|Any CPU
		Release|Any CPU = Release|Any CPU
	EndGlobalSection
	GlobalSection(ProjectConfigurationPlatforms) = postSolution
		{A306594C-8E42-4498-BFC1-D3F324256843}.Debug|Any CPU.ActiveCfg = Debug|Any CPU
		{A306594C-8E42-4498-BFC1-D3F324256843}.Debug|Any CPU.Build.0 = Debug|Any CPU
		{A306594C-8E42-4498-BFC1-D3F324256843}.Release|Any CPU.ActiveCfg = Release|Any CPU
		{A306594C-8E42-4498-BFC1-D3F324256843}.Release|Any CPU.Build.0 = Release|Any CPU
	EndGlobalSection
	GlobalSection(SolutionProperties) = preSolution
		HideSolutionNode = FALSE
	EndGlobalSection
	GlobalSection(ExtensibilityGlobals) = postSolution
		SolutionGuid = {65FBBE39-B5DE-42FF-B916-3E69AB72A6E6}
	EndGlobalSection
EndGlobal
