
Microsoft Visual Studio Solution File, Format Version 12.00
# Visual Studio Version 17
VisualStudioVersion = 17.7.34024.191
MinimumVisualStudioVersion = 10.0.40219.1
Project("{FAE04EC0-301F-11D3-BF4B-00C04F79EFBC}") = "Lecture18", "Lecture18\Lecture18.csproj", "{3F08A913-0D6A-4F9D-8D05-D1F6EC887693}"
EndProject
Global
	GlobalSection(SolutionConfigurationPlatforms) = preSolution
		Debug|Any CPU = Debug|Any CPU
		Release|Any CPU = Release|Any CPU
	EndGlobalSection
	GlobalSection(ProjectConfigurationPlatforms) = postSolution
		{3F08A913-0D6A-4F9D-8D05-D1F6EC887693}.Debug|Any CPU.ActiveCfg = Debug|Any CPU
		{3F08A913-0D6A-4F9D-8D05-D1F6EC887693}.Debug|Any CPU.Build.0 = Debug|Any CPU
		{3F08A913-0D6A-4F9D-8D05-D1F6EC887693}.Release|Any CPU.ActiveCfg = Release|Any CPU
		{3F08A913-0D6A-4F9D-8D05-D1F6EC887693}.Release|Any CPU.Build.0 = Release|Any CPU
	EndGlobalSection
	GlobalSection(SolutionProperties) = preSolution
		HideSolutionNode = FALSE
	EndGlobalSection
	GlobalSection(ExtensibilityGlobals) = postSolution
		SolutionGuid = {A424D0E5-7D42-44E2-BF67-C2950396C088}
	EndGlobalSection
EndGlobal
