
Microsoft Visual Studio Solution File, Format Version 12.00
# Visual Studio Version 17
VisualStudioVersion = 17.7.34024.191
MinimumVisualStudioVersion = 10.0.40219.1
Project("{FAE04EC0-301F-11D3-BF4B-00C04F79EFBC}") = "Lecture10", "Lecture10\Lecture10.csproj", "{5221645F-BB1D-459B-955F-7FB2B946DD33}"
EndProject
Global
	GlobalSection(SolutionConfigurationPlatforms) = preSolution
		Debug|Any CPU = Debug|Any CPU
		Release|Any CPU = Release|Any CPU
	EndGlobalSection
	GlobalSection(ProjectConfigurationPlatforms) = postSolution
		{5221645F-BB1D-459B-955F-7FB2B946DD33}.Debug|Any CPU.ActiveCfg = Debug|Any CPU
		{5221645F-BB1D-459B-955F-7FB2B946DD33}.Debug|Any CPU.Build.0 = Debug|Any CPU
		{5221645F-BB1D-459B-955F-7FB2B946DD33}.Release|Any CPU.ActiveCfg = Release|Any CPU
		{5221645F-BB1D-459B-955F-7FB2B946DD33}.Release|Any CPU.Build.0 = Release|Any CPU
	EndGlobalSection
	GlobalSection(SolutionProperties) = preSolution
		HideSolutionNode = FALSE
	EndGlobalSection
	GlobalSection(ExtensibilityGlobals) = postSolution
		SolutionGuid = {56F069E9-CD9D-424B-AA28-5A1B1C6651D8}
	EndGlobalSection
EndGlobal
