
Microsoft Visual Studio Solution File, Format Version 12.00
# Visual Studio Version 17
VisualStudioVersion = 17.7.34024.191
MinimumVisualStudioVersion = 10.0.40219.1
Project("{FAE04EC0-301F-11D3-BF4B-00C04F79EFBC}") = "Lecture5", "Lecture5\Lecture5.csproj", "{EEFB5036-16D2-4CED-9E98-5AEBDE521C7E}"
EndProject
Global
	GlobalSection(SolutionConfigurationPlatforms) = preSolution
		Debug|Any CPU = Debug|Any CPU
		Release|Any CPU = Release|Any CPU
	EndGlobalSection
	GlobalSection(ProjectConfigurationPlatforms) = postSolution
		{EEFB5036-16D2-4CED-9E98-5AEBDE521C7E}.Debug|Any CPU.ActiveCfg = Debug|Any CPU
		{EEFB5036-16D2-4CED-9E98-5AEBDE521C7E}.Debug|Any CPU.Build.0 = Debug|Any CPU
		{EEFB5036-16D2-4CED-9E98-5AEBDE521C7E}.Release|Any CPU.ActiveCfg = Release|Any CPU
		{EEFB5036-16D2-4CED-9E98-5AEBDE521C7E}.Release|Any CPU.Build.0 = Release|Any CPU
	EndGlobalSection
	GlobalSection(SolutionProperties) = preSolution
		HideSolutionNode = FALSE
	EndGlobalSection
	GlobalSection(ExtensibilityGlobals) = postSolution
		SolutionGuid = {C9C4A2C3-31A2-4B7F-A61A-3FE5FEDCBB48}
	EndGlobalSection
EndGlobal
